// !$*UTF8*$!
{
	archiveVersion = 1;
	classes = {
	};
	objectVersion = 50;
	objects = {

/* Begin PBXBuildFile section */
		D5C0F1FC2632BEFD0060964A /* AppDelegate.m in Sources */ = {isa = PBXBuildFile; fileRef = D5C0F1FB2632BEFD0060964A /* AppDelegate.m */; };
		D5C0F1FF2632BEFD0060964A /* SceneDelegate.m in Sources */ = {isa = PBXBuildFile; fileRef = D5C0F1FE2632BEFD0060964A /* SceneDelegate.m */; };
		D5C0F2022632BEFD0060964A /* ViewController.m in Sources */ = {isa = PBXBuildFile; fileRef = D5C0F2012632BEFD0060964A /* ViewController.m */; };
		D5C0F2052632BEFD0060964A /* Main.storyboard in Resources */ = {isa = PBXBuildFile; fileRef = D5C0F2032632BEFD0060964A /* Main.storyboard */; };
		D5C0F2072632BF020060964A /* Assets.xcassets in Resources */ = {isa = PBXBuildFile; fileRef = D5C0F2062632BF020060964A /* Assets.xcassets */; };
		D5C0F20A2632BF020060964A /* LaunchScreen.storyboard in Resources */ = {isa = PBXBuildFile; fileRef = D5C0F2082632BF020060964A /* LaunchScreen.storyboard */; };
		D5C0F20D2632BF020060964A /* main.m in Sources */ = {isa = PBXBuildFile; fileRef = D5C0F20C2632BF020060964A /* main.m */; };
/* End PBXBuildFile section */

/* Begin PBXFileReference section */
		D5C0F1F72632BEFD0060964A /* lesson6_objC.app */ = {isa = PBXFileReference; explicitFileType = wrapper.application; includeInIndex = 0; path = lesson6_objC.app; sourceTree = BUILT_PRODUCTS_DIR; };
		D5C0F1FA2632BEFD0060964A /* AppDelegate.h */ = {isa = PBXFileReference; lastKnownFileType = sourcecode.c.h; path = AppDelegate.h; sourceTree = "<group>"; };
		D5C0F1FB2632BEFD0060964A /* AppDelegate.m */ = {isa = PBXFileReference; lastKnownFileType = sourcecode.c.objc; path = AppDelegate.m; sourceTree = "<group>"; };
		D5C0F1FD2632BEFD0060964A /* SceneDelegate.h */ = {isa = PBXFileReference; lastKnownFileType = sourcecode.c.h; path = SceneDelegate.h; sourceTree = "<group>"; };
		D5C0F1FE2632BEFD0060964A /* SceneDelegate.m */ = {isa = PBXFileReference; lastKnownFileType = sourcecode.c.objc; path = SceneDelegate.m; sourceTree = "<group>"; };
		D5C0F2002632BEFD0060964A /* ViewController.h */ = {isa = PBXFileReference; lastKnownFileType = sourcecode.c.h; path = ViewController.h; sourceTree = "<group>"; };
		D5C0F2012632BEFD0060964A /* ViewController.m */ = {isa = PBXFileReference; lastKnownFileType = sourcecode.c.objc; path = ViewController.m; sourceTree = "<group>"; };
		D5C0F2042632BEFD0060964A /* Base */ = {isa = PBXFileReference; lastKnownFileType = file.storyboard; name = Base; path = Base.lproj/Main.storyboard; sourceTree = "<group>"; };
		D5C0F2062632BF020060964A /* Assets.xcassets */ = {isa = PBXFileReference; lastKnownFileType = folder.assetcatalog; path = Assets.xcassets; sourceTree = "<group>"; };
		D5C0F2092632BF020060964A /* Base */ = {isa = PBXFileReference; lastKnownFileType = file.storyboard; name = Base; path = Base.lproj/LaunchScreen.storyboard; sourceTree = "<group>"; };
		D5C0F20B2632BF020060964A /* Info.plist */ = {isa = PBXFileReference; lastKnownFileType = text.plist.xml; path = Info.plist; sourceTree = "<group>"; };
		D5C0F20C2632BF020060964A /* main.m */ = {isa = PBXFileReference; lastKnownFileType = sourcecode.c.objc; path = main.m; sourceTree = "<group>"; };
/* End PBXFileReference section */

/* Begin PBXFrameworksBuildPhase section */
		D5C0F1F42632BEFD0060964A /* Frameworks */ = {
			isa = PBXFrameworksBuildPhase;
			buildActionMask = 2147483647;
			files = (
			);
			runOnlyForDeploymentPostprocessing = 0;
		};
/* End PBXFrameworksBuildPhase section */

/* Begin PBXGroup section */
		D5C0F1EE2632BEFD0060964A = {
			isa = PBXGroup;
			children = (
				D5C0F1F92632BEFD0060964A /* lesson6_objC */,
				D5C0F1F82632BEFD0060964A /* Products */,
			);
			sourceTree = "<group>";
		};
		D5C0F1F82632BEFD0060964A /* Products */ = {
			isa = PBXGroup;
			children = (
				D5C0F1F72632BEFD0060964A /* lesson6_objC.app */,
			);
			name = Products;
			sourceTree = "<group>";
		};
		D5C0F1F92632BEFD0060964A /* lesson6_objC */ = {
			isa = PBXGroup;
			children = (
				D5C0F1FA2632BEFD0060964A /* AppDelegate.h */,
				D5C0F1FB2632BEFD0060964A /* AppDelegate.m */,
				D5C0F1FD2632BEFD0060964A /* SceneDelegate.h */,
				D5C0F1FE2632BEFD0060964A /* SceneDelegate.m */,
				D5C0F2002632BEFD0060964A /* ViewController.h */,
				D5C0F2012632BEFD0060964A /* ViewController.m */,
				D5C0F2032632BEFD0060964A /* Main.storyboard */,
				D5C0F2062632BF020060964A /* Assets.xcassets */,
				D5C0F2082632BF020060964A /* LaunchScreen.storyboard */,
				D5C0F20B2632BF020060964A /* Info.plist */,
				D5C0F20C2632BF020060964A /* main.m */,
			);
			path = lesson6_objC;
			sourceTree = "<group>";
		};
/* End PBXGroup section */

/* Begin PBXNativeTarget section */
		D5C0F1F62632BEFD0060964A /* lesson6_objC */ = {
			isa = PBXNativeTarget;
			buildConfigurationList = D5C0F2102632BF020060964A /* Build configuration list for PBXNativeTarget "lesson6_objC" */;
			buildPhases = (
				D5C0F1F32632BEFD0060964A /* Sources */,
				D5C0F1F42632BEFD0060964A /* Frameworks */,
				D5C0F1F52632BEFD0060964A /* Resources */,
			);
			buildRules = (
			);
			dependencies = (
			);
			name = lesson6_objC;
			productName = lesson6_objC;
			productReference = D5C0F1F72632BEFD0060964A /* lesson6_objC.app */;
			productType = "com.apple.product-type.application";
		};
/* End PBXNativeTarget section */

/* Begin PBXProject section */
		D5C0F1EF2632BEFD0060964A /* Project object */ = {
			isa = PBXProject;
			attributes = {
				LastUpgradeCheck = 1240;
				TargetAttributes = {
					D5C0F1F62632BEFD0060964A = {
						CreatedOnToolsVersion = 12.4;
					};
				};
			};
			buildConfigurationList = D5C0F1F22632BEFD0060964A /* Build configuration list for PBXProject "lesson6_objC" */;
			compatibilityVersion = "Xcode 9.3";
			developmentRegion = en;
			hasScannedForEncodings = 0;
			knownRegions = (
				en,
				Base,
			);
			mainGroup = D5C0F1EE2632BEFD0060964A;
			productRefGroup = D5C0F1F82632BEFD0060964A /* Products */;
			projectDirPath = "";
			projectRoot = "";
			targets = (
				D5C0F1F62632BEFD0060964A /* lesson6_objC */,
			);
		};
/* End PBXProject section */

/* Begin PBXResourcesBuildPhase section */
		D5C0F1F52632BEFD0060964A /* Resources */ = {
			isa = PBXResourcesBuildPhase;
			buildActionMask = 2147483647;
			files = (
				D5C0F20A2632BF020060964A /* LaunchScreen.storyboard in Resources */,
				D5C0F2072632BF020060964A /* Assets.xcassets in Resources */,
				D5C0F2052632BEFD0060964A /* Main.storyboard in Resources */,
			);
			runOnlyForDeploymentPostprocessing = 0;
		};
/* End PBXResourcesBuildPhase section */

/* Begin PBXSourcesBuildPhase section */
		D5C0F1F32632BEFD0060964A /* Sources */ = {
			isa = PBXSourcesBuildPhase;
			buildActionMask = 2147483647;
			files = (
				D5C0F2022632BEFD0060964A /* ViewController.m in Sources */,
				D5C0F1FC2632BEFD0060964A /* AppDelegate.m in Sources */,
				D5C0F20D2632BF020060964A /* main.m in Sources */,
				D5C0F1FF2632BEFD0060964A /* SceneDelegate.m in Sources */,
			);
			runOnlyForDeploymentPostprocessing = 0;
		};
/* End PBXSourcesBuildPhase section */

/* Begin PBXVariantGroup section */
		D5C0F2032632BEFD0060964A /* Main.storyboard */ = {
			isa = PBXVariantGroup;
			children = (
				D5C0F2042632BEFD0060964A /* Base */,
			);
			name = Main.storyboard;
			sourceTree = "<group>";
		};
		D5C0F2082632BF020060964A /* LaunchScreen.storyboard */ = {
			isa = PBXVariantGroup;
			children = (
				D5C0F2092632BF020060964A /* Base */,
			);
			name = LaunchScreen.storyboard;
			sourceTree = "<group>";
		};
/* End PBXVariantGroup section */

/* Begin XCBuildConfiguration section */
		D5C0F20E2632BF020060964A /* Debug */ = {
			isa = XCBuildConfiguration;
			buildSettings = {
				ALWAYS_SEARCH_USER_PATHS = NO;
				CLANG_ANALYZER_NONNULL = YES;
				CLANG_ANALYZER_NUMBER_OBJECT_CONVERSION = YES_AGGRESSIVE;
				CLANG_CXX_LANGUAGE_STANDARD = "gnu++14";
				CLANG_CXX_LIBRARY = "libc++";
				CLANG_ENABLE_MODULES = YES;
				CLANG_ENABLE_OBJC_ARC = YES;
				CLANG_ENABLE_OBJC_WEAK = YES;
				CLANG_WARN_BLOCK_CAPTURE_AUTORELEASING = YES;
				CLANG_WARN_BOOL_CONVERSION = YES;
				CLANG_WARN_COMMA = YES;
				CLANG_WARN_CONSTANT_CONVERSION = YES;
				CLANG_WARN_DEPRECATED_OBJC_IMPLEMENTATIONS = YES;
				CLANG_WARN_DIRECT_OBJC_ISA_USAGE = YES_ERROR;
				CLANG_WARN_DOCUMENTATION_COMMENTS = YES;
				CLANG_WARN_EMPTY_BODY = YES;
				CLANG_WARN_ENUM_CONVERSION = YES;
				CLANG_WARN_INFINITE_RECURSION = YES;
				CLANG_WARN_INT_CONVERSION = YES;
				CLANG_WARN_NON_LITERAL_NULL_CONVERSION = YES;
				CLANG_WARN_OBJC_IMPLICIT_RETAIN_SELF = YES;
				CLANG_WARN_OBJC_LITERAL_CONVERSION = YES;
				CLANG_WARN_OBJC_ROOT_CLASS = YES_ERROR;
				CLANG_WARN_QUOTED_INCLUDE_IN_FRAMEWORK_HEADER = YES;
				CLANG_WARN_RANGE_LOOP_ANALYSIS = YES;
				CLANG_WARN_STRICT_PROTOTYPES = YES;
				CLANG_WARN_SUSPICIOUS_MOVE = YES;
				CLANG_WARN_UNGUARDED_AVAILABILITY = YES_AGGRESSIVE;
				CLANG_WARN_UNREACHABLE_CODE = YES;
				CLANG_WARN__DUPLICATE_METHOD_MATCH = YES;
				COPY_PHASE_STRIP = NO;
				DEBUG_INFORMATION_FORMAT = dwarf;
				ENABLE_STRICT_OBJC_MSGSEND = YES;
				ENABLE_TESTABILITY = YES;
				GCC_C_LANGUAGE_STANDARD = gnu11;
				GCC_DYNAMIC_NO_PIC = NO;
				GCC_NO_COMMON_BLOCKS = YES;
				GCC_OPTIMIZATION_LEVEL = 0;
				GCC_PREPROCESSOR_DEFINITIONS = (
					"DEBUG=1",
					"$(inherited)",
				);
				GCC_WARN_64_TO_32_BIT_CONVERSION = YES;
				GCC_WARN_ABOUT_RETURN_TYPE = YES_ERROR;
				GCC_WARN_UNDECLARED_SELECTOR = YES;
				GCC_WARN_UNINITIALIZED_AUTOS = YES_AGGRESSIVE;
				GCC_WARN_UNUSED_FUNCTION = YES;
				GCC_WARN_UNUSED_VARIABLE = YES;
				IPHONEOS_DEPLOYMENT_TARGET = 14.4;
				MTL_ENABLE_DEBUG_INFO = INCLUDE_SOURCE;
				MTL_FAST_MATH = YES;
				ONLY_ACTIVE_ARCH = YES;
				SDKROOT = iphoneos;
			};
			name = Debug;
		};
		D5C0F20F2632BF020060964A /* Release */ = {
			isa = XCBuildConfiguration;
			buildSettings = {
				ALWAYS_SEARCH_USER_PATHS = NO;
				CLANG_ANALYZER_NONNULL = YES;
				CLANG_ANALYZER_NUMBER_OBJECT_CONVERSION = YES_AGGRESSIVE;
				CLANG_CXX_LANGUAGE_STANDARD = "gnu++14";
				CLANG_CXX_LIBRARY = "libc++";
				CLANG_ENABLE_MODULES = YES;
				CLANG_ENABLE_OBJC_ARC = YES;
				CLANG_ENABLE_OBJC_WEAK = YES;
				CLANG_WARN_BLOCK_CAPTURE_AUTORELEASING = YES;
				CLANG_WARN_BOOL_CONVERSION = YES;
				CLANG_WARN_COMMA = YES;
				CLANG_WARN_CONSTANT_CONVERSION = YES;
				CLANG_WARN_DEPRECATED_OBJC_IMPLEMENTATIONS = YES;
				CLANG_WARN_DIRECT_OBJC_ISA_USAGE = YES_ERROR;
				CLANG_WARN_DOCUMENTATION_COMMENTS = YES;
				CLANG_WARN_EMPTY_BODY = YES;
				CLANG_WARN_ENUM_CONVERSION = YES;
				CLANG_WARN_INFINITE_RECURSION = YES;
				CLANG_WARN_INT_CONVERSION = YES;
				CLANG_WARN_NON_LITERAL_NULL_CONVERSION = YES;
				CLANG_WARN_OBJC_IMPLICIT_RETAIN_SELF = YES;
				CLANG_WARN_OBJC_LITERAL_CONVERSION = YES;
				CLANG_WARN_OBJC_ROOT_CLASS = YES_ERROR;
				CLANG_WARN_QUOTED_INCLUDE_IN_FRAMEWORK_HEADER = YES;
				CLANG_WARN_RANGE_LOOP_ANALYSIS = YES;
				CLANG_WARN_STRICT_PROTOTYPES = YES;
				CLANG_WARN_SUSPICIOUS_MOVE = YES;
				CLANG_WARN_UNGUARDED_AVAILABILITY = YES_AGGRESSIVE;
				CLANG_WARN_UNREACHABLE_CODE = YES;
				CLANG_WARN__DUPLICATE_METHOD_MATCH = YES;
				COPY_PHASE_STRIP = NO;
				DEBUG_INFORMATION_FORMAT = "dwarf-with-dsym";
				ENABLE_NS_ASSERTIONS = NO;
				ENABLE_STRICT_OBJC_MSGSEND = YES;
				GCC_C_LANGUAGE_STANDARD = gnu11;
				GCC_NO_COMMON_BLOCKS = YES;
				GCC_WARN_64_TO_32_BIT_CONVERSION = YES;
				GCC_WARN_ABOUT_RETURN_TYPE = YES_ERROR;
				GCC_WARN_UNDECLARED_SELECTOR = YES;
				GCC_WARN_UNINITIALIZED_AUTOS = YES_AGGRESSIVE;
				GCC_WARN_UNUSED_FUNCTION = YES;
				GCC_WARN_UNUSED_VARIABLE = YES;
				IPHONEOS_DEPLOYMENT_TARGET = 14.4;
				MTL_ENABLE_DEBUG_INFO = NO;
				MTL_FAST_MATH = YES;
				SDKROOT = iphoneos;
				VALIDATE_PRODUCT = YES;
			};
			name = Release;
		};
		D5C0F2112632BF020060964A /* Debug */ = {
			isa = XCBuildConfiguration;
			buildSettings = {
				ASSETCATALOG_COMPILER_APPICON_NAME = AppIcon;
				ASSETCATALOG_COMPILER_GLOBAL_ACCENT_COLOR_NAME = AccentColor;
				CODE_SIGN_STYLE = Automatic;
				DEVELOPMENT_TEAM = 4P2H6D9L7L;
				INFOPLIST_FILE = lesson6_objC/Info.plist;
				LD_RUNPATH_SEARCH_PATHS = (
					"$(inherited)",
					"@executable_path/Frameworks",
				);
				PRODUCT_BUNDLE_IDENTIFIER = "com.Ilstud.lesson6-objC";
				PRODUCT_NAME = "$(TARGET_NAME)";
				TARGETED_DEVICE_FAMILY = "1,2";
			};
			name = Debug;
		};
		D5C0F2122632BF020060964A /* Release */ = {
			isa = XCBuildConfiguration;
			buildSettings = {
				ASSETCATALOG_COMPILER_APPICON_NAME = AppIcon;
				ASSETCATALOG_COMPILER_GLOBAL_ACCENT_COLOR_NAME = AccentColor;
				CODE_SIGN_STYLE = Automatic;
				DEVELOPMENT_TEAM = 4P2H6D9L7L;
				INFOPLIST_FILE = lesson6_objC/Info.plist;
				LD_RUNPATH_SEARCH_PATHS = (
					"$(inherited)",
					"@executable_path/Frameworks",
				);
				PRODUCT_BUNDLE_IDENTIFIER = "com.Ilstud.lesson6-objC";
				PRODUCT_NAME = "$(TARGET_NAME)";
				TARGETED_DEVICE_FAMILY = "1,2";
			};
			name = Release;
		};
/* End XCBuildConfiguration section */

/* Begin XCConfigurationList section */
		D5C0F1F22632BEFD0060964A /* Build configuration list for PBXProject "lesson6_objC" */ = {
			isa = XCConfigurationList;
			buildConfigurations = (
				D5C0F20E2632BF020060964A /* Debug */,
				D5C0F20F2632BF020060964A /* Release */,
			);
			defaultConfigurationIsVisible = 0;
			defaultConfigurationName = Release;
		};
		D5C0F2102632BF020060964A /* Build configuration list for PBXNativeTarget "lesson6_objC" */ = {
			isa = XCConfigurationList;
			buildConfigurations = (
				D5C0F2112632BF020060964A /* Debug */,
				D5C0F2122632BF020060964A /* Release */,
			);
			defaultConfigurationIsVisible = 0;
			defaultConfigurationName = Release;
		};
/* End XCConfigurationList section */
	};
	rootObject = D5C0F1EF2632BEFD0060964A /* Project object */;
}
